
Microsoft Visual Studio Solution File, Format Version 12.00
# Visual Studio 15
VisualStudioVersion = 15.0.28307.779
MinimumVisualStudioVersion = 10.0.40219.1
Project("{9A19103F-16F7-4668-BE54-9A1E7A4F7556}") = "Aooshi.SnowFlake", "SnowFlake\Aooshi.SnowFlake.csproj", "{930B2B3F-6DE4-4B4B-BC15-4F65474EF49B}"
EndProject
Project("{9A19103F-16F7-4668-BE54-9A1E7A4F7556}") = "Aooshi.SnowFlake.Tests", "SnowFlake.Tests\Aooshi.SnowFlake.Tests.csproj", "{6576AB3B-3C0E-4F8E-8B74-97224F704C7D}"
EndProject
Global
	GlobalSection(SolutionConfigurationPlatforms) = preSolution
		Debug|Any CPU = Debug|Any CPU
		Release|Any CPU = Release|Any CPU
	EndGlobalSection
	GlobalSection(ProjectConfigurationPlatforms) = postSolution
		{930B2B3F-6DE4-4B4B-BC15-4F65474EF49B}.Debug|Any CPU.ActiveCfg = Debug|Any CPU
		{930B2B3F-6DE4-4B4B-BC15-4F65474EF49B}.Debug|Any CPU.Build.0 = Debug|Any CPU
		{930B2B3F-6DE4-4B4B-BC15-4F65474EF49B}.Release|Any CPU.ActiveCfg = Release|Any CPU
		{930B2B3F-6DE4-4B4B-BC15-4F65474EF49B}.Release|Any CPU.Build.0 = Release|Any CPU
		{6576AB3B-3C0E-4F8E-8B74-97224F704C7D}.Debug|Any CPU.ActiveCfg = Debug|Any CPU
		{6576AB3B-3C0E-4F8E-8B74-97224F704C7D}.Debug|Any CPU.Build.0 = Debug|Any CPU
		{6576AB3B-3C0E-4F8E-8B74-97224F704C7D}.Release|Any CPU.ActiveCfg = Release|Any CPU
		{6576AB3B-3C0E-4F8E-8B74-97224F704C7D}.Release|Any CPU.Build.0 = Release|Any CPU
	EndGlobalSection
	GlobalSection(SolutionProperties) = preSolution
		HideSolutionNode = FALSE
	EndGlobalSection
	GlobalSection(ExtensibilityGlobals) = postSolution
		SolutionGuid = {3B64ADC2-C0C4-4427-9870-D5F7001D4A61}
	EndGlobalSection
EndGlobal
